
Microsoft Visual Studio Solution File, Format Version 12.00
# Visual Studio 15
VisualStudioVersion = 15.0.27130.2036
MinimumVisualStudioVersion = 10.0.40219.1
Project("{FAE04EC0-301F-11D3-BF4B-00C04F79EFBC}") = "Client", "P1\Client.csproj", "{28122154-7583-4AFF-91CB-7A3E23AD2C1E}"
EndProject
Project("{FAE04EC0-301F-11D3-BF4B-00C04F79EFBC}") = "Server", "P2\Server.csproj", "{EBF3CCC4-7646-44F4-88FB-DD3C2FF5248B}"
EndProject
Global
	GlobalSection(SolutionConfigurationPlatforms) = preSolution
		Debug|Any CPU = Debug|Any CPU
		Release|Any CPU = Release|Any CPU
	EndGlobalSection
	GlobalSection(ProjectConfigurationPlatforms) = postSolution
		{28122154-7583-4AFF-91CB-7A3E23AD2C1E}.Debug|Any CPU.ActiveCfg = Debug|Any CPU
		{28122154-7583-4AFF-91CB-7A3E23AD2C1E}.Debug|Any CPU.Build.0 = Debug|Any CPU
		{28122154-7583-4AFF-91CB-7A3E23AD2C1E}.Release|Any CPU.ActiveCfg = Release|Any CPU
		{28122154-7583-4AFF-91CB-7A3E23AD2C1E}.Release|Any CPU.Build.0 = Release|Any CPU
		{EBF3CCC4-7646-44F4-88FB-DD3C2FF5248B}.Debug|Any CPU.ActiveCfg = Debug|Any CPU
		{EBF3CCC4-7646-44F4-88FB-DD3C2FF5248B}.Debug|Any CPU.Build.0 = Debug|Any CPU
		{EBF3CCC4-7646-44F4-88FB-DD3C2FF5248B}.Release|Any CPU.ActiveCfg = Release|Any CPU
		{EBF3CCC4-7646-44F4-88FB-DD3C2FF5248B}.Release|Any CPU.Build.0 = Release|Any CPU
	EndGlobalSection
	GlobalSection(SolutionProperties) = preSolution
		HideSolutionNode = FALSE
	EndGlobalSection
	GlobalSection(ExtensibilityGlobals) = postSolution
		SolutionGuid = {681D8AC0-5473-444C-80EB-97A2D2FA3777}
	EndGlobalSection
EndGlobal
